PODS:
  - Masonry (0.6.1)
  - PINCache (2.0)
  - ReactiveObjC (3.1.0)
  - SDWebImage (4.0.0):
    - SDWebImage/Core (= 4.0.0)
  - SDWebImage/Core (4.0.0)
  - TMCache (2.1.0)

DEPENDENCIES:
  - Masonry (= 0.6.1)
  - PINCache (= 2.0)
  - ReactiveObjC (= 3.1.0)
  - SDWebImage (= 4.0.0)
  - TMCache (= 2.1.0)

SPEC REPOS:
  https://github.com/cocoapods/specs.git:
    - Masonry
    - PINCache
    - ReactiveObjC
    - SDWebImage
    - TMCache

SPEC CHECKSUMS:
  Masonry: 4972309f2f134de9dd312f4dc4a21359b50e6caa
  PINCache: ca953ba93ce1edde056fdd99121ee65b295a08c9
  ReactiveObjC: 2a38ea15335de4119d8b17caf1db1484f61db902
  SDWebImage: 76a6348bdc74eb5a55dd08a091ef298e56b55e41
  TMCache: 95ebcc9b3c7e90fb5fd8fc3036cba3aa781c9bed

PODFILE CHECKSUM: 58c2cada770f05d58547041da79bf2df1ab586db

COCOAPODS: 1.5.3
