PODS:
  - CTMediator (25)
  - EasyLayout (1.0.7)
  - MDCommonKit (1.0.10)
  - MDEasyCache (1.0.13)
  - MDHomeProject (0.0.35)
  - MDPageMaster (2.0.18)
  - MDReactPageKit (1.0.4)
  - MDStatePageKit (1.0.8)
  - ReactiveDataBoard (4.0.3)

DEPENDENCIES:
  - CTMediator (from `/Users/lizitao/Desktop/MDProjects/CTMediator`)
  - EasyLayout (~> 1.0.0)
  - MDCommonKit (~> 1.0.0)
  - MDEasyCache (~> 1.0.0)
  - MDHomeProject (from `/Users/lizitao/Desktop/MDProjects/MDHomeProject`)
  - MDPageMaster (from `/Users/lizitao/Desktop/MDProjects/MDPageMaster`)
  - MDReactPageKit (from `/Users/lizitao/Desktop/MDProjects/MDReactPageKit`)
  - MDStatePageKit (~> 1.0.0)
  - ReactiveDataBoard (~> 4.0.0)

SPEC REPOS:
  https://github.com/Leon0206/MDSpecs.git:
    - EasyLayout
    - MDCommonKit
    - MDEasyCache
    - MDStatePageKit
    - ReactiveDataBoard

EXTERNAL SOURCES:
  CTMediator:
    :path: "/Users/lizitao/Desktop/MDProjects/CTMediator"
  MDHomeProject:
    :path: "/Users/lizitao/Desktop/MDProjects/MDHomeProject"
  MDPageMaster:
    :path: "/Users/lizitao/Desktop/MDProjects/MDPageMaster"
  MDReactPageKit:
    :path: "/Users/lizitao/Desktop/MDProjects/MDReactPageKit"

SPEC CHECKSUMS:
  CTMediator: 830c1fc204b3a6abf2a059510c7380f56343da0f
  EasyLayout: 973f51e5820a1fecde2da92211214f04a86a13c5
  MDCommonKit: 0b1dee2912f06f7834c861c007e4349815eeec4f
  MDEasyCache: 41d33d45ff815afe89ca2cdfd5ac29e340262a31
  MDHomeProject: 32afaf0bd7bb7781e7d12f75f3f4a344518951c1
  MDPageMaster: 1cb486b24cbbd15cd4c0db94f7c2676f364fac63
  MDReactPageKit: 55481ce67199d05d80c6293c759c8ba6c683cd5a
  MDStatePageKit: 52114938c5ae29ae8e4852ce381a450c4e04d00e
  ReactiveDataBoard: 70b3efbd748b065b28eb72bc06dbac3ef9ef20fa

PODFILE CHECKSUM: 30527993e867c57ee7a3f0ccdbfcf4975ac8e99f

COCOAPODS: 1.7.5
