// !$*UTF8*$!
{
	archiveVersion = 1;
	classes = {
	};
	objectVersion = 46;
	objects = {

/* Begin PBXBuildFile section */
		62E8CFEADB161F21A6F02463 /* libPods-MDProject.a in Frameworks */ = {isa = PBXBuildFile; fileRef = 7B62A2BE896284D6BE3ED280 /* libPods-MDProject.a */; };
		D81D68841E8A64D400C1489F /* launch.jpg in Resources */ = {isa = PBXBuildFile; fileRef = D81D68831E8A64D400C1489F /* launch.jpg */; };
		D825675C20DCD45300129B0B /* bugfix_jspatch.js in Resources */ = {isa = PBXBuildFile; fileRef = D825675B20DCD45300129B0B /* bugfix_jspatch.js */; };
		D825676420E0CE1900129B0B /* MDEasyHotFixTool.js in Resources */ = {isa = PBXBuildFile; fileRef = D825676320E0CE1900129B0B /* MDEasyHotFixTool.js */; };
		D858C8961E756B150042D9F3 /* main.m in Sources */ = {isa = PBXBuildFile; fileRef = D858C8951E756B150042D9F3 /* main.m */; };
		D858C8A11E756B150042D9F3 /* Assets.xcassets in Resources */ = {isa = PBXBuildFile; fileRef = D858C8A01E756B150042D9F3 /* Assets.xcassets */; };
		D858C8A41E756B150042D9F3 /* LaunchScreen.storyboard in Resources */ = {isa = PBXBuildFile; fileRef = D858C8A21E756B150042D9F3 /* LaunchScreen.storyboard */; };
		D858C8AF1E756B160042D9F3 /* MDProjectTests.m in Sources */ = {isa = PBXBuildFile; fileRef = D858C8AE1E756B160042D9F3 /* MDProjectTests.m */; };
		D858C8BA1E756B160042D9F3 /* MDProjectUITests.m in Sources */ = {isa = PBXBuildFile; fileRef = D858C8B91E756B160042D9F3 /* MDProjectUITests.m */; };
		D858C9851E75A4200042D9F3 /* urlmapping in Resources */ = {isa = PBXBuildFile; fileRef = D858C9841E75A4200042D9F3 /* urlmapping */; };
		D85F25FC20E3BB1400F3AEEF /* bugfix_banksy.js in Resources */ = {isa = PBXBuildFile; fileRef = D85F25FB20E3BB1300F3AEEF /* bugfix_banksy.js */; };
		D86814991F1759E400E4E7BF /* sanjiang.jpeg in Resources */ = {isa = PBXBuildFile; fileRef = D86814981F1759E400E4E7BF /* sanjiang.jpeg */; };
		D868149B1F175B1600E4E7BF /* ugcup.png in Resources */ = {isa = PBXBuildFile; fileRef = D868149A1F175B1600E4E7BF /* ugcup.png */; };
		D89333401F29D6E600748499 /* desktop.png in Resources */ = {isa = PBXBuildFile; fileRef = D893333F1F29D6E600748499 /* desktop.png */; };
		D8E4800E21D0775B00FCA0ED /* bugfix.js in Resources */ = {isa = PBXBuildFile; fileRef = D8E4800D21D0775B00FCA0ED /* bugfix.js */; };
/* End PBXBuildFile section */

/* Begin PBXContainerItemProxy section */
		D858C8AB1E756B160042D9F3 /* PBXContainerItemProxy */ = {
			isa = PBXContainerItemProxy;
			containerPortal = D858C8891E756B150042D9F3 /* Project object */;
			proxyType = 1;
			remoteGlobalIDString = D858C8901E756B150042D9F3;
			remoteInfo = MDProject;
		};
		D858C8B61E756B160042D9F3 /* PBXContainerItemProxy */ = {
			isa = PBXContainerItemProxy;
			containerPortal = D858C8891E756B150042D9F3 /* Project object */;
			proxyType = 1;
			remoteGlobalIDString = D858C8901E756B150042D9F3;
			remoteInfo = MDProject;
		};
/* End PBXContainerItemProxy section */

/* Begin PBXFileReference section */
		024F71B27BF94CE05567BA5A /* Pods-MDProject.release.xcconfig */ = {isa = PBXFileReference; includeInIndex = 1; lastKnownFileType = text.xcconfig; name = "Pods-MDProject.release.xcconfig"; path = "Pods/Target Support Files/Pods-MDProject/Pods-MDProject.release.xcconfig"; sourceTree = "<group>"; };
		7B62A2BE896284D6BE3ED280 /* libPods-MDProject.a */ = {isa = PBXFileReference; explicitFileType = archive.ar; includeInIndex = 0; path = "libPods-MDProject.a"; sourceTree = BUILT_PRODUCTS_DIR; };
		9115291D681CA11A0D197644 /* Pods-MDProject.debug.xcconfig */ = {isa = PBXFileReference; includeInIndex = 1; lastKnownFileType = text.xcconfig; name = "Pods-MDProject.debug.xcconfig"; path = "Pods/Target Support Files/Pods-MDProject/Pods-MDProject.debug.xcconfig"; sourceTree = "<group>"; };
		D81D68831E8A64D400C1489F /* launch.jpg */ = {isa = PBXFileReference; lastKnownFileType = image.jpeg; path = launch.jpg; sourceTree = "<group>"; };
		D825675B20DCD45300129B0B /* bugfix_jspatch.js */ = {isa = PBXFileReference; fileEncoding = 4; lastKnownFileType = sourcecode.javascript; path = bugfix_jspatch.js; sourceTree = "<group>"; };
		D825676320E0CE1900129B0B /* MDEasyHotFixTool.js */ = {isa = PBXFileReference; fileEncoding = 4; lastKnownFileType = sourcecode.javascript; path = MDEasyHotFixTool.js; sourceTree = "<group>"; };
		D858C8911E756B150042D9F3 /* MDProject.app */ = {isa = PBXFileReference; explicitFileType = wrapper.application; includeInIndex = 0; path = MDProject.app; sourceTree = BUILT_PRODUCTS_DIR; };
		D858C8951E756B150042D9F3 /* main.m */ = {isa = PBXFileReference; lastKnownFileType = sourcecode.c.objc; path = main.m; sourceTree = "<group>"; };
		D858C8A01E756B150042D9F3 /* Assets.xcassets */ = {isa = PBXFileReference; lastKnownFileType = folder.assetcatalog; path = Assets.xcassets; sourceTree = "<group>"; };
		D858C8A31E756B150042D9F3 /* Base */ = {isa = PBXFileReference; lastKnownFileType = file.storyboard; name = Base; path = Base.lproj/LaunchScreen.storyboard; sourceTree = "<group>"; };
		D858C8A51E756B150042D9F3 /* Info.plist */ = {isa = PBXFileReference; lastKnownFileType = text.plist.xml; path = Info.plist; sourceTree = "<group>"; };
		D858C8AA1E756B160042D9F3 /* MDProjectTests.xctest */ = {isa = PBXFileReference; explicitFileType = wrapper.cfbundle; includeInIndex = 0; path = MDProjectTests.xctest; sourceTree = BUILT_PRODUCTS_DIR; };
		D858C8AE1E756B160042D9F3 /* MDProjectTests.m */ = {isa = PBXFileReference; lastKnownFileType = sourcecode.c.objc; path = MDProjectTests.m; sourceTree = "<group>"; };
		D858C8B01E756B160042D9F3 /* Info.plist */ = {isa = PBXFileReference; lastKnownFileType = text.plist.xml; path = Info.plist; sourceTree = "<group>"; };
		D858C8B51E756B160042D9F3 /* MDProjectUITests.xctest */ = {isa = PBXFileReference; explicitFileType = wrapper.cfbundle; includeInIndex = 0; path = MDProjectUITests.xctest; sourceTree = BUILT_PRODUCTS_DIR; };
		D858C8B91E756B160042D9F3 /* MDProjectUITests.m */ = {isa = PBXFileReference; lastKnownFileType = sourcecode.c.objc; path = MDProjectUITests.m; sourceTree = "<group>"; };
		D858C8BB1E756B160042D9F3 /* Info.plist */ = {isa = PBXFileReference; lastKnownFileType = text.plist.xml; path = Info.plist; sourceTree = "<group>"; };
		D858C9841E75A4200042D9F3 /* urlmapping */ = {isa = PBXFileReference; fileEncoding = 4; lastKnownFileType = text; path = urlmapping; sourceTree = "<group>"; };
		D85F25FB20E3BB1300F3AEEF /* bugfix_banksy.js */ = {isa = PBXFileReference; fileEncoding = 4; lastKnownFileType = sourcecode.javascript; path = bugfix_banksy.js; sourceTree = "<group>"; };
		D86814981F1759E400E4E7BF /* sanjiang.jpeg */ = {isa = PBXFileReference; lastKnownFileType = image.jpeg; path = sanjiang.jpeg; sourceTree = "<group>"; };
		D868149A1F175B1600E4E7BF /* ugcup.png */ = {isa = PBXFileReference; lastKnownFileType = image.png; path = ugcup.png; sourceTree = "<group>"; };
		D893333F1F29D6E600748499 /* desktop.png */ = {isa = PBXFileReference; lastKnownFileType = image.png; path = desktop.png; sourceTree = "<group>"; };
		D8E4800D21D0775B00FCA0ED /* bugfix.js */ = {isa = PBXFileReference; fileEncoding = 4; lastKnownFileType = sourcecode.javascript; path = bugfix.js; sourceTree = "<group>"; };
/* End PBXFileReference section */

/* Begin PBXFrameworksBuildPhase section */
		D858C88E1E756B150042D9F3 /* Frameworks */ = {
			isa = PBXFrameworksBuildPhase;
			buildActionMask = 2147483647;
			files = (
				62E8CFEADB161F21A6F02463 /* libPods-MDProject.a in Frameworks */,
			);
			runOnlyForDeploymentPostprocessing = 0;
		};
		D858C8A71E756B160042D9F3 /* Frameworks */ = {
			isa = PBXFrameworksBuildPhase;
			buildActionMask = 2147483647;
			files = (
			);
			runOnlyForDeploymentPostprocessing = 0;
		};
		D858C8B21E756B160042D9F3 /* Frameworks */ = {
			isa = PBXFrameworksBuildPhase;
			buildActionMask = 2147483647;
			files = (
			);
			runOnlyForDeploymentPostprocessing = 0;
		};
/* End PBXFrameworksBuildPhase section */

/* Begin PBXGroup section */
		26FA32084C02580FB1FA9CBC /* Frameworks */ = {
			isa = PBXGroup;
			children = (
				7B62A2BE896284D6BE3ED280 /* libPods-MDProject.a */,
			);
			name = Frameworks;
			sourceTree = "<group>";
		};
		51E0574078F384C01C435C41 /* Pods */ = {
			isa = PBXGroup;
			children = (
				9115291D681CA11A0D197644 /* Pods-MDProject.debug.xcconfig */,
				024F71B27BF94CE05567BA5A /* Pods-MDProject.release.xcconfig */,
			);
			name = Pods;
			sourceTree = "<group>";
		};
		D81D68821E8A64D400C1489F /* Resource */ = {
			isa = PBXGroup;
			children = (
				D893333F1F29D6E600748499 /* desktop.png */,
				D868149A1F175B1600E4E7BF /* ugcup.png */,
				D86814981F1759E400E4E7BF /* sanjiang.jpeg */,
				D81D68831E8A64D400C1489F /* launch.jpg */,
			);
			path = Resource;
			sourceTree = "<group>";
		};
		D858C8881E756B150042D9F3 = {
			isa = PBXGroup;
			children = (
				D858C8931E756B150042D9F3 /* MDProject */,
				D858C8AD1E756B160042D9F3 /* MDProjectTests */,
				D858C8B81E756B160042D9F3 /* MDProjectUITests */,
				D858C8921E756B150042D9F3 /* Products */,
				51E0574078F384C01C435C41 /* Pods */,
				26FA32084C02580FB1FA9CBC /* Frameworks */,
			);
			sourceTree = "<group>";
		};
		D858C8921E756B150042D9F3 /* Products */ = {
			isa = PBXGroup;
			children = (
				D858C8911E756B150042D9F3 /* MDProject.app */,
				D858C8AA1E756B160042D9F3 /* MDProjectTests.xctest */,
				D858C8B51E756B160042D9F3 /* MDProjectUITests.xctest */,
			);
			name = Products;
			sourceTree = "<group>";
		};
		D858C8931E756B150042D9F3 /* MDProject */ = {
			isa = PBXGroup;
			children = (
				D8E4800D21D0775B00FCA0ED /* bugfix.js */,
				D85F25FB20E3BB1300F3AEEF /* bugfix_banksy.js */,
				D825675B20DCD45300129B0B /* bugfix_jspatch.js */,
				D825676320E0CE1900129B0B /* MDEasyHotFixTool.js */,
				D858C9841E75A4200042D9F3 /* urlmapping */,
				D81D68821E8A64D400C1489F /* Resource */,
				D858C8A01E756B150042D9F3 /* Assets.xcassets */,
				D858C8A21E756B150042D9F3 /* LaunchScreen.storyboard */,
				D858C8A51E756B150042D9F3 /* Info.plist */,
				D858C8941E756B150042D9F3 /* Supporting Files */,
			);
			path = MDProject;
			sourceTree = "<group>";
		};
		D858C8941E756B150042D9F3 /* Supporting Files */ = {
			isa = PBXGroup;
			children = (
				D858C8951E756B150042D9F3 /* main.m */,
			);
			name = "Supporting Files";
			sourceTree = "<group>";
		};
		D858C8AD1E756B160042D9F3 /* MDProjectTests */ = {
			isa = PBXGroup;
			children = (
				D858C8AE1E756B160042D9F3 /* MDProjectTests.m */,
				D858C8B01E756B160042D9F3 /* Info.plist */,
			);
			path = MDProjectTests;
			sourceTree = "<group>";
		};
		D858C8B81E756B160042D9F3 /* MDProjectUITests */ = {
			isa = PBXGroup;
			children = (
				D858C8B91E756B160042D9F3 /* MDProjectUITests.m */,
				D858C8BB1E756B160042D9F3 /* Info.plist */,
			);
			path = MDProjectUITests;
			sourceTree = "<group>";
		};
/* End PBXGroup section */

/* Begin PBXNativeTarget section */
		D858C8901E756B150042D9F3 /* MDProject */ = {
			isa = PBXNativeTarget;
			buildConfigurationList = D858C8BE1E756B160042D9F3 /* Build configuration list for PBXNativeTarget "MDProject" */;
			buildPhases = (
				E6BC0F07E11F24DC728865AC /* [CP] Check Pods Manifest.lock */,
				D858C88D1E756B150042D9F3 /* Sources */,
				D858C88E1E756B150042D9F3 /* Frameworks */,
				D858C88F1E756B150042D9F3 /* Resources */,
				44BC65548D29B749963B4D14 /* [CP] Copy Pods Resources */,
			);
			buildRules = (
			);
			dependencies = (
			);
			name = MDProject;
			productName = MDProject;
			productReference = D858C8911E756B150042D9F3 /* MDProject.app */;
			productType = "com.apple.product-type.application";
		};
		D858C8A91E756B160042D9F3 /* MDProjectTests */ = {
			isa = PBXNativeTarget;
			buildConfigurationList = D858C8C11E756B160042D9F3 /* Build configuration list for PBXNativeTarget "MDProjectTests" */;
			buildPhases = (
				D858C8A61E756B160042D9F3 /* Sources */,
				D858C8A71E756B160042D9F3 /* Frameworks */,
				D858C8A81E756B160042D9F3 /* Resources */,
			);
			buildRules = (
			);
			dependencies = (
				D858C8AC1E756B160042D9F3 /* PBXTargetDependency */,
			);
			name = MDProjectTests;
			productName = MDProjectTests;
			productReference = D858C8AA1E756B160042D9F3 /* MDProjectTests.xctest */;
			productType = "com.apple.product-type.bundle.unit-test";
		};
		D858C8B41E756B160042D9F3 /* MDProjectUITests */ = {
			isa = PBXNativeTarget;
			buildConfigurationList = D858C8C41E756B160042D9F3 /* Build configuration list for PBXNativeTarget "MDProjectUITests" */;
			buildPhases = (
				D858C8B11E756B160042D9F3 /* Sources */,
				D858C8B21E756B160042D9F3 /* Frameworks */,
				D858C8B31E756B160042D9F3 /* Resources */,
			);
			buildRules = (
			);
			dependencies = (
				D858C8B71E756B160042D9F3 /* PBXTargetDependency */,
			);
			name = MDProjectUITests;
			productName = MDProjectUITests;
			productReference = D858C8B51E756B160042D9F3 /* MDProjectUITests.xctest */;
			productType = "com.apple.product-type.bundle.ui-testing";
		};
/* End PBXNativeTarget section */

/* Begin PBXProject section */
		D858C8891E756B150042D9F3 /* Project object */ = {
			isa = PBXProject;
			attributes = {
				LastUpgradeCheck = 0820;
				ORGANIZATIONNAME = lizitao;
				TargetAttributes = {
					D858C8901E756B150042D9F3 = {
						CreatedOnToolsVersion = 8.2.1;
						DevelopmentTeam = BMP99N9345;
						ProvisioningStyle = Automatic;
					};
					D858C8A91E756B160042D9F3 = {
						CreatedOnToolsVersion = 8.2.1;
						DevelopmentTeam = L8RRGM4ZYF;
						ProvisioningStyle = Automatic;
						TestTargetID = D858C8901E756B150042D9F3;
					};
					D858C8B41E756B160042D9F3 = {
						CreatedOnToolsVersion = 8.2.1;
						DevelopmentTeam = L8RRGM4ZYF;
						ProvisioningStyle = Automatic;
						TestTargetID = D858C8901E756B150042D9F3;
					};
				};
			};
			buildConfigurationList = D858C88C1E756B150042D9F3 /* Build configuration list for PBXProject "MDProject" */;
			compatibilityVersion = "Xcode 3.2";
			developmentRegion = English;
			hasScannedForEncodings = 0;
			knownRegions = (
				English,
				en,
				Base,
			);
			mainGroup = D858C8881E756B150042D9F3;
			productRefGroup = D858C8921E756B150042D9F3 /* Products */;
			projectDirPath = "";
			projectRoot = "";
			targets = (
				D858C8901E756B150042D9F3 /* MDProject */,
				D858C8A91E756B160042D9F3 /* MDProjectTests */,
				D858C8B41E756B160042D9F3 /* MDProjectUITests */,
			);
		};
/* End PBXProject section */

/* Begin PBXResourcesBuildPhase section */
		D858C88F1E756B150042D9F3 /* Resources */ = {
			isa = PBXResourcesBuildPhase;
			buildActionMask = 2147483647;
			files = (
				D89333401F29D6E600748499 /* desktop.png in Resources */,
				D85F25FC20E3BB1400F3AEEF /* bugfix_banksy.js in Resources */,
				D86814991F1759E400E4E7BF /* sanjiang.jpeg in Resources */,
				D868149B1F175B1600E4E7BF /* ugcup.png in Resources */,
				D825675C20DCD45300129B0B /* bugfix_jspatch.js in Resources */,
				D81D68841E8A64D400C1489F /* launch.jpg in Resources */,
				D825676420E0CE1900129B0B /* MDEasyHotFixTool.js in Resources */,
				D858C8A41E756B150042D9F3 /* LaunchScreen.storyboard in Resources */,
				D858C8A11E756B150042D9F3 /* Assets.xcassets in Resources */,
				D858C9851E75A4200042D9F3 /* urlmapping in Resources */,
				D8E4800E21D0775B00FCA0ED /* bugfix.js in Resources */,
			);
			runOnlyForDeploymentPostprocessing = 0;
		};
		D858C8A81E756B160042D9F3 /* Resources */ = {
			isa = PBXResourcesBuildPhase;
			buildActionMask = 2147483647;
			files = (
			);
			runOnlyForDeploymentPostprocessing = 0;
		};
		D858C8B31E756B160042D9F3 /* Resources */ = {
			isa = PBXResourcesBuildPhase;
			buildActionMask = 2147483647;
			files = (
			);
			runOnlyForDeploymentPostprocessing = 0;
		};
/* End PBXResourcesBuildPhase section */

/* Begin PBXShellScriptBuildPhase section */
		44BC65548D29B749963B4D14 /* [CP] Copy Pods Resources */ = {
			isa = PBXShellScriptBuildPhase;
			buildActionMask = 2147483647;
			files = (
			);
			inputPaths = (
				"${SRCROOT}/Pods/Target Support Files/Pods-MDProject/Pods-MDProject-resources.sh",
				"${PODS_ROOT}/JSPatch/JSPatch/JSPatch.js",
				"${PODS_CONFIGURATION_BUILD_DIR}/MDHomeProject/MDHomeProject.bundle",
			);
			name = "[CP] Copy Pods Resources";
			outputPaths = (
				"${TARGET_BUILD_DIR}/${UNLOCALIZED_RESOURCES_FOLDER_PATH}/JSPatch.js",
				"${TARGET_BUILD_DIR}/${UNLOCALIZED_RESOURCES_FOLDER_PATH}/MDHomeProject.bundle",
			);
			runOnlyForDeploymentPostprocessing = 0;
			shellPath = /bin/sh;
			shellScript = "\"${SRCROOT}/Pods/Target Support Files/Pods-MDProject/Pods-MDProject-resources.sh\"\n";
			showEnvVarsInLog = 0;
		};
		E6BC0F07E11F24DC728865AC /* [CP] Check Pods Manifest.lock */ = {
			isa = PBXShellScriptBuildPhase;
			buildActionMask = 2147483647;
			files = (
			);
			inputPaths = (
				"${PODS_PODFILE_DIR_PATH}/Podfile.lock",
				"${PODS_ROOT}/Manifest.lock",
			);
			name = "[CP] Check Pods Manifest.lock";
			outputPaths = (
				"$(DERIVED_FILE_DIR)/Pods-MDProject-checkManifestLockResult.txt",
			);
			runOnlyForDeploymentPostprocessing = 0;
			shellPath = /bin/sh;
			shellScript = "diff \"${PODS_PODFILE_DIR_PATH}/Podfile.lock\" \"${PODS_ROOT}/Manifest.lock\" > /dev/null\nif [ $? != 0 ] ; then\n    # print error to STDERR\n    echo \"error: The sandbox is not in sync with the Podfile.lock. Run 'pod install' or update your CocoaPods installation.\" >&2\n    exit 1\nfi\n# This output is used by Xcode 'outputs' to avoid re-running this script phase.\necho \"SUCCESS\" > \"${SCRIPT_OUTPUT_FILE_0}\"\n";
			showEnvVarsInLog = 0;
		};
/* End PBXShellScriptBuildPhase section */

/* Begin PBXSourcesBuildPhase section */
		D858C88D1E756B150042D9F3 /* Sources */ = {
			isa = PBXSourcesBuildPhase;
			buildActionMask = 2147483647;
			files = (
				D858C8961E756B150042D9F3 /* main.m in Sources */,
			);
			runOnlyForDeploymentPostprocessing = 0;
		};
		D858C8A61E756B160042D9F3 /* Sources */ = {
			isa = PBXSourcesBuildPhase;
			buildActionMask = 2147483647;
			files = (
				D858C8AF1E756B160042D9F3 /* MDProjectTests.m in Sources */,
			);
			runOnlyForDeploymentPostprocessing = 0;
		};
		D858C8B11E756B160042D9F3 /* Sources */ = {
			isa = PBXSourcesBuildPhase;
			buildActionMask = 2147483647;
			files = (
				D858C8BA1E756B160042D9F3 /* MDProjectUITests.m in Sources */,
			);
			runOnlyForDeploymentPostprocessing = 0;
		};
/* End PBXSourcesBuildPhase section */

/* Begin PBXTargetDependency section */
		D858C8AC1E756B160042D9F3 /* PBXTargetDependency */ = {
			isa = PBXTargetDependency;
			target = D858C8901E756B150042D9F3 /* MDProject */;
			targetProxy = D858C8AB1E756B160042D9F3 /* PBXContainerItemProxy */;
		};
		D858C8B71E756B160042D9F3 /* PBXTargetDependency */ = {
			isa = PBXTargetDependency;
			target = D858C8901E756B150042D9F3 /* MDProject */;
			targetProxy = D858C8B61E756B160042D9F3 /* PBXContainerItemProxy */;
		};
/* End PBXTargetDependency section */

/* Begin PBXVariantGroup section */
		D858C8A21E756B150042D9F3 /* LaunchScreen.storyboard */ = {
			isa = PBXVariantGroup;
			children = (
				D858C8A31E756B150042D9F3 /* Base */,
			);
			name = LaunchScreen.storyboard;
			sourceTree = "<group>";
		};
/* End PBXVariantGroup section */

/* Begin XCBuildConfiguration section */
		D858C8BC1E756B160042D9F3 /* Debug */ = {
			isa = XCBuildConfiguration;
			buildSettings = {
				ALWAYS_SEARCH_USER_PATHS = NO;
				CLANG_ANALYZER_NONNULL = YES;
				CLANG_CXX_LANGUAGE_STANDARD = "gnu++0x";
				CLANG_CXX_LIBRARY = "libc++";
				CLANG_ENABLE_MODULES = YES;
				CLANG_ENABLE_OBJC_ARC = YES;
				CLANG_WARN_BOOL_CONVERSION = YES;
				CLANG_WARN_CONSTANT_CONVERSION = YES;
				CLANG_WARN_DIRECT_OBJC_ISA_USAGE = YES_ERROR;
				CLANG_WARN_DOCUMENTATION_COMMENTS = YES;
				CLANG_WARN_EMPTY_BODY = YES;
				CLANG_WARN_ENUM_CONVERSION = YES;
				CLANG_WARN_INFINITE_RECURSION = YES;
				CLANG_WARN_INT_CONVERSION = YES;
				CLANG_WARN_OBJC_ROOT_CLASS = YES_ERROR;
				CLANG_WARN_SUSPICIOUS_MOVE = YES;
				CLANG_WARN_UNREACHABLE_CODE = YES;
				CLANG_WARN__DUPLICATE_METHOD_MATCH = YES;
				"CODE_SIGN_IDENTITY[sdk=iphoneos*]" = "iPhone Developer";
				COPY_PHASE_STRIP = NO;
				DEBUG_INFORMATION_FORMAT = dwarf;
				ENABLE_STRICT_OBJC_MSGSEND = YES;
				ENABLE_TESTABILITY = YES;
				GCC_C_LANGUAGE_STANDARD = gnu99;
				GCC_DYNAMIC_NO_PIC = NO;
				GCC_NO_COMMON_BLOCKS = YES;
				GCC_OPTIMIZATION_LEVEL = 3;
				GCC_PREPROCESSOR_DEFINITIONS = (
					"DEBUG=1",
					"$(inherited)",
				);
				GCC_WARN_64_TO_32_BIT_CONVERSION = YES;
				GCC_WARN_ABOUT_RETURN_TYPE = YES_ERROR;
				GCC_WARN_UNDECLARED_SELECTOR = YES;
				GCC_WARN_UNINITIALIZED_AUTOS = YES_AGGRESSIVE;
				GCC_WARN_UNUSED_FUNCTION = YES;
				GCC_WARN_UNUSED_VARIABLE = YES;
				IPHONEOS_DEPLOYMENT_TARGET = 10.2;
				MTL_ENABLE_DEBUG_INFO = YES;
				ONLY_ACTIVE_ARCH = YES;
				SDKROOT = iphoneos;
			};
			name = Debug;
		};
		D858C8BD1E756B160042D9F3 /* Release */ = {
			isa = XCBuildConfiguration;
			buildSettings = {
				ALWAYS_SEARCH_USER_PATHS = NO;
				CLANG_ANALYZER_NONNULL = YES;
				CLANG_CXX_LANGUAGE_STANDARD = "gnu++0x";
				CLANG_CXX_LIBRARY = "libc++";
				CLANG_ENABLE_MODULES = YES;
				CLANG_ENABLE_OBJC_ARC = YES;
				CLANG_WARN_BOOL_CONVERSION = YES;
				CLANG_WARN_CONSTANT_CONVERSION = YES;
				CLANG_WARN_DIRECT_OBJC_ISA_USAGE = YES_ERROR;
				CLANG_WARN_DOCUMENTATION_COMMENTS = YES;
				CLANG_WARN_EMPTY_BODY = YES;
				CLANG_WARN_ENUM_CONVERSION = YES;
				CLANG_WARN_INFINITE_RECURSION = YES;
				CLANG_WARN_INT_CONVERSION = YES;
				CLANG_WARN_OBJC_ROOT_CLASS = YES_ERROR;
				CLANG_WARN_SUSPICIOUS_MOVE = YES;
				CLANG_WARN_UNREACHABLE_CODE = YES;
				CLANG_WARN__DUPLICATE_METHOD_MATCH = YES;
				"CODE_SIGN_IDENTITY[sdk=iphoneos*]" = "iPhone Developer";
				COPY_PHASE_STRIP = NO;
				DEBUG_INFORMATION_FORMAT = dwarf;
				ENABLE_NS_ASSERTIONS = NO;
				ENABLE_STRICT_OBJC_MSGSEND = YES;
				GCC_C_LANGUAGE_STANDARD = gnu99;
				GCC_NO_COMMON_BLOCKS = YES;
				GCC_WARN_64_TO_32_BIT_CONVERSION = YES;
				GCC_WARN_ABOUT_RETURN_TYPE = YES_ERROR;
				GCC_WARN_UNDECLARED_SELECTOR = YES;
				GCC_WARN_UNINITIALIZED_AUTOS = YES_AGGRESSIVE;
				GCC_WARN_UNUSED_FUNCTION = YES;
				GCC_WARN_UNUSED_VARIABLE = YES;
				IPHONEOS_DEPLOYMENT_TARGET = 10.2;
				MTL_ENABLE_DEBUG_INFO = NO;
				SDKROOT = iphoneos;
				VALIDATE_PRODUCT = YES;
			};
			name = Release;
		};
		D858C8BF1E756B160042D9F3 /* Debug */ = {
			isa = XCBuildConfiguration;
			baseConfigurationReference = 9115291D681CA11A0D197644 /* Pods-MDProject.debug.xcconfig */;
			buildSettings = {
				ASSETCATALOG_COMPILER_APPICON_NAME = AppIcon;
				CLANG_ENABLE_OBJC_ARC = YES;
				"CODE_SIGN_IDENTITY[sdk=iphoneos*]" = "iPhone Developer";
				DEPLOYMENT_POSTPROCESSING = NO;
				DEVELOPMENT_TEAM = BMP99N9345;
				ENABLE_STRICT_OBJC_MSGSEND = YES;
				INFOPLIST_FILE = MDProject/Info.plist;
				IPHONEOS_DEPLOYMENT_TARGET = 9.0;
				LD_RUNPATH_SEARCH_PATHS = "$(inherited) @executable_path/Frameworks";
				MARKETING_VERSION = 1.0.0;
				PRODUCT_BUNDLE_IDENTIFIER = com.leon.mydemo;
				PRODUCT_NAME = "$(TARGET_NAME)";
				PROVISIONING_PROFILE_SPECIFIER = "";
			};
			name = Debug;
		};
		D858C8C01E756B160042D9F3 /* Release */ = {
			isa = XCBuildConfiguration;
			baseConfigurationReference = 024F71B27BF94CE05567BA5A /* Pods-MDProject.release.xcconfig */;
			buildSettings = {
				ASSETCATALOG_COMPILER_APPICON_NAME = AppIcon;
				CLANG_ENABLE_OBJC_ARC = YES;
				"CODE_SIGN_IDENTITY[sdk=iphoneos*]" = "iPhone Developer";
				DEPLOYMENT_POSTPROCESSING = NO;
				DEVELOPMENT_TEAM = BMP99N9345;
				ENABLE_STRICT_OBJC_MSGSEND = YES;
				INFOPLIST_FILE = MDProject/Info.plist;
				IPHONEOS_DEPLOYMENT_TARGET = 9.0;
				LD_RUNPATH_SEARCH_PATHS = "$(inherited) @executable_path/Frameworks";
				MARKETING_VERSION = 1.0.0;
				PRODUCT_BUNDLE_IDENTIFIER = com.leon.mydemo;
				PRODUCT_NAME = "$(TARGET_NAME)";
				PROVISIONING_PROFILE_SPECIFIER = "";
			};
			name = Release;
		};
		D858C8C21E756B160042D9F3 /* Debug */ = {
			isa = XCBuildConfiguration;
			buildSettings = {
				BUNDLE_LOADER = "$(TEST_HOST)";
				DEVELOPMENT_TEAM = L8RRGM4ZYF;
				INFOPLIST_FILE = MDProjectTests/Info.plist;
				LD_RUNPATH_SEARCH_PATHS = "$(inherited) @executable_path/Frameworks @loader_path/Frameworks";
				PRODUCT_BUNDLE_IDENTIFIER = lzt.MDProjectTests;
				PRODUCT_NAME = "$(TARGET_NAME)";
				TEST_HOST = "$(BUILT_PRODUCTS_DIR)/MDProject.app/MDProject";
			};
			name = Debug;
		};
		D858C8C31E756B160042D9F3 /* Release */ = {
			isa = XCBuildConfiguration;
			buildSettings = {
				BUNDLE_LOADER = "$(TEST_HOST)";
				DEVELOPMENT_TEAM = L8RRGM4ZYF;
				INFOPLIST_FILE = MDProjectTests/Info.plist;
				LD_RUNPATH_SEARCH_PATHS = "$(inherited) @executable_path/Frameworks @loader_path/Frameworks";
				PRODUCT_BUNDLE_IDENTIFIER = lzt.MDProjectTests;
				PRODUCT_NAME = "$(TARGET_NAME)";
				TEST_HOST = "$(BUILT_PRODUCTS_DIR)/MDProject.app/MDProject";
			};
			name = Release;
		};
		D858C8C51E756B160042D9F3 /* Debug */ = {
			isa = XCBuildConfiguration;
			buildSettings = {
				DEVELOPMENT_TEAM = L8RRGM4ZYF;
				INFOPLIST_FILE = MDProjectUITests/Info.plist;
				LD_RUNPATH_SEARCH_PATHS = "$(inherited) @executable_path/Frameworks @loader_path/Frameworks";
				PRODUCT_BUNDLE_IDENTIFIER = lzt.MDProjectUITests;
				PRODUCT_NAME = "$(TARGET_NAME)";
				TEST_TARGET_NAME = MDProject;
			};
			name = Debug;
		};
		D858C8C61E756B160042D9F3 /* Release */ = {
			isa = XCBuildConfiguration;
			buildSettings = {
				DEVELOPMENT_TEAM = L8RRGM4ZYF;
				INFOPLIST_FILE = MDProjectUITests/Info.plist;
				LD_RUNPATH_SEARCH_PATHS = "$(inherited) @executable_path/Frameworks @loader_path/Frameworks";
				PRODUCT_BUNDLE_IDENTIFIER = lzt.MDProjectUITests;
				PRODUCT_NAME = "$(TARGET_NAME)";
				TEST_TARGET_NAME = MDProject;
			};
			name = Release;
		};
/* End XCBuildConfiguration section */

/* Begin XCConfigurationList section */
		D858C88C1E756B150042D9F3 /* Build configuration list for PBXProject "MDProject" */ = {
			isa = XCConfigurationList;
			buildConfigurations = (
				D858C8BC1E756B160042D9F3 /* Debug */,
				D858C8BD1E756B160042D9F3 /* Release */,
			);
			defaultConfigurationIsVisible = 0;
			defaultConfigurationName = Release;
		};
		D858C8BE1E756B160042D9F3 /* Build configuration list for PBXNativeTarget "MDProject" */ = {
			isa = XCConfigurationList;
			buildConfigurations = (
				D858C8BF1E756B160042D9F3 /* Debug */,
				D858C8C01E756B160042D9F3 /* Release */,
			);
			defaultConfigurationIsVisible = 0;
			defaultConfigurationName = Release;
		};
		D858C8C11E756B160042D9F3 /* Build configuration list for PBXNativeTarget "MDProjectTests" */ = {
			isa = XCConfigurationList;
			buildConfigurations = (
				D858C8C21E756B160042D9F3 /* Debug */,
				D858C8C31E756B160042D9F3 /* Release */,
			);
			defaultConfigurationIsVisible = 0;
			defaultConfigurationName = Release;
		};
		D858C8C41E756B160042D9F3 /* Build configuration list for PBXNativeTarget "MDProjectUITests" */ = {
			isa = XCConfigurationList;
			buildConfigurations = (
				D858C8C51E756B160042D9F3 /* Debug */,
				D858C8C61E756B160042D9F3 /* Release */,
			);
			defaultConfigurationIsVisible = 0;
			defaultConfigurationName = Release;
		};
/* End XCConfigurationList section */
	};
	rootObject = D858C8891E756B150042D9F3 /* Project object */;
}
